lockfileVersion: '9.0'

settings:
  autoInstallPeers: true
  excludeLinksFromLockfile: false

importers:

  .:
    devDependencies:
      '@fission-ai/openspec':
        specifier: 1.14.0
        version: 1.14.0(@types/node@26.6.4)
      '@informalsystems/quint':
        specifier: 0.33.0
        version: 0.33.0

packages:

  '@fission-ai/openspec@1.14.0':
    resolution: {integrity: sha512-V+zitRK918I6B3EIcYL3gVYoPoPgzknSxE1zL0zUQdbd4NsO5kbrxU5jVceuNNEznD94pbRPCvpCDIa6BeEaPA==}
    engines: {node: '>=20.19.0'}
    hasBin: true

  '@grpc/grpc-js@1.14.5':
    resolution: {integrity: sha512-7VZM+SVdEcUUqSQeNI3zM8Qs/BhQKZndPo2h5VkYkAM8Iz0wJIa8mKV5ekQGqG8UUsnkQ0NMxIxwkIHYvj0qOw==}
    engines: {node: '>=12.10.0'}

  '@grpc/proto-loader@0.7.15':
    resolution: {integrity: sha512-tMXdRCfYVixjuFK+Hk0Q1s38gV9zDiDJfWL3h1rv4Qc39oILCu1TRTDt7+fGUI8K4G1Fj125Hx/ru3azECWTyQ==}
    engines: {node: '>=6'}
    hasBin: true

  '@grpc/proto-loader@0.8.1':
    resolution: {integrity: sha512-wtF6h+DY6M3YaDBPAmvuuA6jV8Sif9MjtOI5euKFWRgCDl5PeDpPsHR9u2l6St5ceY8AZgoNDww5+HvEsXFsGg==}
    engines: {node: '>=6'}
    hasBin: true

  '@informalsystems/quint@0.33.0':
    resolution: {integrity: sha512-1hr+l+3wyKimjNXNl9lovpwmH5C9Ck898FL4yGbuEmFPiz7YRqvFvsB9hlHsaYukXqdUY5nuFKn/qiCon0O88g==}
    engines: {node: '>=18'}
    hasBin: true

  '@inquirer/ansi@2.0.8':
    resolution: {integrity: sha512-WpQM+Ti6Z40EFwwt+uL2p4UabT+W179zHp6HhLVOzfbwnVn05IPO/eXIZXGNqcT1jbQ15SujNLzQ39k4QPPxBQ==}
    engines: {node: '>=23.5.0 || ^22.13.0 || ^20.17.0'}

  '@inquirer/checkbox@5.2.5':
    resolution: {integrity: sha512-bRt8J8m+Fot9CXv+zNQGXUq2ET0MggR1fPz7v6edN6MFYmsbfGnMmkmWZJEegMKqrAC8ej/o1sqisHZXZJMAfQ==}
    engines: {node: '>=23.5.0 || ^22.13.0 || ^20.17.0'}
    peerDependencies:
      '@types/node': '>=18'
    peerDependenciesMeta:
      '@types/node':
        optional: true

  '@inquirer/confirm@6.3.2':
    resolution: {integrity: sha512-Xvr/0HggjddPtGppuqVmxhTw+Hr8PvsZ/k0HmOEaAqQEt80OITNkFWnsdNmyT0/eM4Ab+iJLx2R8rctlEyfSVg==}
    engines: {node: '>=23.5.0 || ^22.13.0 || ^20.17.0'}
    peerDependencies:
      '@types/node': '>=18'
    peerDependenciesMeta:
      '@types/node':
        optional: true

  '@inquirer/core@12.0.3':
    resolution: {integrity: sha512-wsSy0sznmXwkty+2PzZwx00Cazc/E0r0B7mAzdGROz2Ct+DFZXaK7WDjGZvgjRldxH5ZhFVfF2lgkYrqgOw2KA==}
    engines: {node: '>=23.5.0 || ^22.13.0 || ^20.17.0'}
    peerDependencies:
      '@types/node': '>=18'
    peerDependenciesMeta:
      '@types/node':
        optional: true

  '@inquirer/editor@5.3.3':
    resolution: {integrity: sha512-YsKkS2q63IiLtaDK/9nqzdComN97SDQrmKiyNggN+ceP4ty+Z6VwyTz3FpjeUWeW1Efss2xHFKCC9sx7hnrsxg==}
    engines: {node: '>=23.5.0 || ^22.13.0 || ^20.17.0'}
    peerDependencies:
      '@types/node': '>=18'
    peerDependenciesMeta:
      '@types/node':
        optional: true

  '@inquirer/expand@5.1.5':
    resolution: {integrity: sha512-uHuXLmXW+TtIfT/9vSBotypAkqn1n34Ul+CLGPos/xANyO4Ff5xZzkYhbKR4NEcfVK4a9mHQOpwVZzluSHFRGw==}
    engines: {node: '>=23.5.0 || ^22.13.0 || ^20.17.0'}
    peerDependencies:
      '@types/node': '>=18'
    peerDependenciesMeta:
      '@types/node':
        optional: true

  '@inquirer/external-editor@3.0.5':
    resolution: {integrity: sha512-f3QQJRIX5ZEneBHNUIuPjmbdzHnmRFJA8r2dkcb8q+OM5Uv5KtnuAttQumnrjcBVBM3mcTX1CkmtAkU58VRZxg==}
    engines: {node: '>=23.5.0 || ^22.13.0 || ^20.17.0'}
    peerDependencies:
      '@types/node': '>=18'
    peerDependenciesMeta:
      '@types/node':
        optional: true

  '@inquirer/figures@2.0.9':
    resolution: {integrity: sha512-EAWgUTGQ/Umgga51dE3B2PUHbufuXarDfg86uVgoSgNHNNQnyFKcOrQLWVqYMghuSyHh8+2HUH0Js9cTC1WAdg==}
    engines: {node: '>=23.5.0 || ^22.13.0 || ^20.17.0'}

  '@inquirer/input@5.1.6':
    resolution: {integrity: sha512-HtcJhB2QFVXbLuJ5S3syhNbTUVxYvwqV4VRBDkQceBloC9bmTViUoRFP5PbSaDZb3HzfPmpuU/gG4ybVBz4FHA==}
    engines: {node: '>=23.5.0 || ^22.13.0 || ^20.17.0'}
    peerDependencies:
      '@types/node': '>=18'
    peerDependenciesMeta:
      '@types/node':
        optional: true

  '@inquirer/number@4.2.3':
    resolution: {integrity: sha512-6Yuwh1NGSbu1Lo4N1EWjXs1jKRntLg/ZCwhmeorEHde90v1XxAozdbd4Iu30eOQLW+6h1hp2O9ujNfLSbTPJnA==}
    engines: {node: '>=23.5.0 || ^22.13.0 || ^20.17.0'}
    peerDependencies:
      '@types/node': '>=18'
    peerDependenciesMeta:
      '@types/node':
        optional: true

  '@inquirer/password@5.2.2':
    resolution: {integrity: sha512-W9zYdyzogK+6110mqwaSJWCBu2yA5Q/OfnGSjjZB1bNpHlmUozXxTl0+QOZBNeVd6Qo81/qT75gW05gLAtITxw==}
    engines: {node: '>=23.5.0 || ^22.13.0 || ^20.17.0'}
    peerDependencies:
      '@types/node': '>=18'
    peerDependenciesMeta:
      '@types/node':
        optional: true

  '@inquirer/prompts@8.7.2':
    resolution: {integrity: sha512-QoRB4wFIjgH5iOhSjoIKMkTvSHDuV+O3OITlIqAYO0oK5x364GJILXiMBvlPiE+klg7Xx9tq5XVqQHcGUDYYPA==}
    engines: {node: '>=23.5.0 || ^22.13.0 || ^20.17.0'}
    peerDependencies:
      '@types/node': '>=18'
    peerDependenciesMeta:
      '@types/node':
        optional: true

  '@inquirer/rawlist@5.3.5':
    resolution: {integrity: sha512-1oHky1ONfCOwNrnkQGDE1oaSij/3fI6HFMSf2H/WsGO2lEyDX9My82iggITSy9ddSZ8yk8j9v41OI0fVoSIoaA==}
    engines: {node: '>=23.5.0 || ^22.13.0 || ^20.17.0'}
    peerDependencies:
      '@types/node': '>=18'
    peerDependenciesMeta:
      '@types/node':
        optional: true

  '@inquirer/search@4.3.3':
    resolution: {integrity: sha512-fyuIU1Nbpvwlikjg3gXwJFDI11+EFjqQ7P+iByfmivIKQ1vmaykNrD/vy5unHuUqUpsOsnvJ25//tPF7E/RBRA==}
    engines: {node: '>=23.5.0 || ^22.13.0 || ^20.17.0'}
    peerDependencies:
      '@types/node': '>=18'
    peerDependenciesMeta:
      '@types/node':
        optional: true

  '@inquirer/select@5.2.5':
    resolution: {integrity: sha512-9kc15hr8r/kI+3DO/xLog5nOzTz1jqsHXa6JBFzmQKhkoJ8Slda1I1L/uD8ZSZ9tF1yp79wwXe7mclvX1rqR2Q==}
    engines: {node: '>=23.5.0 || ^22.13.0 || ^20.17.0'}
    peerDependencies:
      '@types/node': '>=18'
    peerDependenciesMeta:
      '@types/node':
        optional: true

  '@inquirer/type@4.1.1':
    resolution: {integrity: sha512-yJoHYrMnxIsJZCY+0Vb66Dy3he3kL3e2wOBKhoSwWWAzZAY82emlxwgprCtp6yRixvNRNq9ztfRWQYPNr3Go7A==}
    engines: {node: '>=23.5.0 || ^22.13.0 || ^20.17.0'}
    peerDependencies:
      '@types/node': '>=18'
    peerDependenciesMeta:
      '@types/node':
        optional: true

  '@isaacs/fs-minipass@4.0.1':
    resolution: {integrity: sha512-wgm9Ehl2jpeqP3zw/7mo3kRHFp5MEDhqAdwy1fTGkHAwnkGOVsgpvQhL8B5n1qlb01jV3n/bI0ZfZp5lWA1k4w==}
    engines: {node: '>=18.0.0'}

  '@js-sdsl/ordered-map@4.4.2':
    resolution: {integrity: sha512-iUKgm52T8HOE/makSxjqoWhe95ZJA1/G1sYsGev2JDKUSS14KAgg1LHb+Ba+IPow0xflbnSkOsZcO08C7w1gYw==}

  '@nodelib/fs.scandir@2.1.5':
    resolution: {integrity: sha512-vq24Bq3ym5HEQm2NKCr3yXDwjc7vTsEThRDnkp2DK9p1uqLR+DHurm/NOTo0KG7HYHU7eppKZj3MyqYuMBf62g==}
    engines: {node: '>= 8'}

  '@nodelib/fs.stat@2.0.5':
    resolution: {integrity: sha512-RkhPPp2zrqDAQA/2jNhnztcPAlv64XdhIp7a7454A5ovI7Bukxgt7MX7udwAu3zg1DcpPU0rz3VV1SeaqvY4+A==}
    engines: {node: '>= 8'}

  '@nodelib/fs.walk@1.2.8':
    resolution: {integrity: sha512-oGB+UxlgWcgQkgwo8GcEGwemoTFt3FIO9ababBmaGwXIoBKZ+GTy0pP185beGg7Llih/NSHSV2XAs1lnznocSg==}
    engines: {node: '>= 8'}

  '@octokit/endpoint@9.0.6':
    resolution: {integrity: sha512-H1fNTMA57HbkFESSt3Y9+FBICv+0jFceJFPWDePYlR/iMGrwM5ph+Dd4XRQs+8X+PUFURLQgX9ChPfhJ/1uNQw==}
    engines: {node: '>= 18'}

  '@octokit/openapi-types@24.2.0':
    resolution: {integrity: sha512-9sIH3nSUttelJSXUrmGzl7QUBFul0/mB8HRYl3fOlgHbIWG+WnYDXU3v/2zMtAvuzZ/ed00Ei6on975FhBfzrg==}

  '@octokit/request-error@5.1.1':
    resolution: {integrity: sha512-v9iyEQJH6ZntoENr9/yXxjuezh4My67CBSu9r6Ve/05Iu5gNgnisNWOsoJHTP6k0Rr0+HQIpnH+kyammu90q/g==}
    engines: {node: '>= 18'}

  '@octokit/request@8.4.1':
    resolution: {integrity: sha512-qnB2+SY3hkCmBxZsR/MPCybNmbJe4KAlfWErXq+rBKkQJlbjdJeS85VI9r8UqeLYLvnAenU8Q1okM/0MBsAGXw==}
    engines: {node: '>= 18'}

  '@octokit/types@13.10.0':
    resolution: {integrity: sha512-ifLaO34EbbPj0Xgro4G5lP5asESjwHracYJvVaPIyXMuiuXLlhic3S47cBdTb+jfODkTE5YtGCLt3Ay3+J97sA==}

  '@protobufjs/aspromise@1.1.2':
    resolution: {integrity: sha512-j+gKExEuLmKwvz3OgROXtrJ2UG2x8Ch2YZUxahh+s1F2HZ+wAceUNLkvy6zKCPVRkU++ZWQrdxsUeQXmcg4uoQ==}

  '@protobufjs/base64@1.1.2':
    resolution: {integrity: sha512-AZkcAA5vnN/v4PDqKyMR5lx7hZttPDgClv83E//FMNhR2TMcLUhfRUBHCmSl0oi9zMgDDqRUJkSxO3wm85+XLg==}

  '@protobufjs/codegen@2.0.5':
    resolution: {integrity: sha512-zgXFLzW3Ap33e6d0Wlj4MGIm6Ce8O89n/apUaGNB/jx+hw+ruWEp7EwGUshdLKVRCxZW12fp9r40E1mQrf/34g==}

  '@protobufjs/eventemitter@1.1.1':
    resolution: {integrity: sha512-vW1GmwMZNnL+gMRaovlh9yZX74kc+TTU3FObkkurpMaRtBfLP3ldjS9KQWlwZgraRE0+dheEEoAxdzcJQ8eXZg==}

  '@protobufjs/fetch@1.1.1':
    resolution: {integrity: sha512-GpptLrs57adMSuHi3VNj0mAF8dwh36LMaYF6XyJ6JMWlVsc+t42tm1HSEDmOs3A8fC9yyeisgLhsTVQokOZ0zw==}

  '@protobufjs/float@1.0.2':
    resolution: {integrity: sha512-Ddb+kVXlXst9d+R9PfTIxh1EdNkgoRe5tOX6t01f1lYWOvJnSPDBlG241QLzcyPdoNTsblLUdujGSE4RzrTZGQ==}

  '@protobufjs/path@1.1.2':
    resolution: {integrity: sha512-6JOcJ5Tm08dOHAbdR3GrvP+yUUfkjG5ePsHYczMFLq3ZmMkAD98cDgcT2iA1lJ9NVwFd4tH/iSSoe44YWkltEA==}

  '@protobufjs/pool@1.1.0':
    resolution: {integrity: sha512-0kELaGSIDBKvcgS4zkjz1PeddatrjYcmMWOlAuAPwAeccUrPHdUqo/J6LiymHHEiJT5NrF1UVwxY14f+fy4WQw==}

  '@protobufjs/utf8@1.1.2':
    resolution: {integrity: sha512-b1UQwcEZ4yCnMCD8DAL1VlbvBJE9/IX4FTIp7BG1xYpf29SLazLSrqUkj4w7Y5y7cCVP6E5tcqqcI0xemPkHug==}

  '@sweet-monads/either@3.2.0':
    resolution: {integrity: sha512-n+nR0b60GRTKb+D76qhTf4NEBXU9zfpigYYEtKtSYbV+5+i5gxr9jFd64pYkY2O7hVsb/G7nspbAeFni/i1ltA==}

  '@sweet-monads/interfaces@3.3.0':
    resolution: {integrity: sha512-66akGvjPD4lizQy+w4JSltJilc2w/QPdw8lPAniLJGHwyjmrw9xMJLx76Q/GDnbCU59Werses4aZJLWOlJrL5A==}

  '@sweet-monads/maybe@3.2.0':
    resolution: {integrity: sha512-/t+K0D/kBfkYOkZaePEsrK868at0M9UIEVgehcM0xscrCSZhKWGteE41vl2XJQqh8WyiFo/mZ5y7eAPSYzS+pg==}

  '@types/line-column@1.0.2':
    resolution: {integrity: sha512-099oFQmp/Tlf20xW5XI5R4F69N6lF/zQ09XDzc3R5BOLFlqIotgKoNIyj0HD4fQLWcGDreDJv8k/BkLJscrDrw==}

  '@types/lodash.clonedeep@4.5.0':
    resolution: {integrity: sha512-IHijjFVPJTvzvrNPz+6nQy5lZQb7uh807RfTIEaQBrZXrIGjZy0L2dEb3hju34J0eqbXLCY6Hub/g81Jl4pGCA==}

  '@types/lodash@4.17.25':
    resolution: {integrity: sha512-+K1NIO8I+F9/wNulfVvu23QYd0Pe9/OCqRrim4NoYIf1VoEDL90Ve4ClzpyqBLc7NpGGWRvYNCKZ1BE/Jpf8dQ==}

  '@types/node@26.6.4':
    resolution: {integrity: sha512-ldVPDCzj7fsaGZrLB0NuHuTvJcsNasysBAqMolr/cgxrLd1xbqxIr3XJiPnHHJUCxj5sNF1vnRj9aWnrVh5Jcg==}

  '@types/seedrandom@3.0.8':
    resolution: {integrity: sha512-TY1eezMU2zH2ozQoAFAQFOPpvP15g+ZgSfTZt31AUUH/Rxtnz3H+A/Sv1Snw2/amp//omibc+AEkTaA8KUeOLQ==}

  adm-zip@0.5.18:
    resolution: {integrity: sha512-ufJnssQGbxzLNS1Ho9bCtX4rQKCCvoVuDLHoJyc3F9dOGDB4BkWs2Ci0kv53lqocAEQ/Cbi+I2XCsNYGqVYqng==}
    engines: {node: '>=12.0'}

  ansi-regex@5.0.1:
    resolution: {integrity: sha512-quJQXlTSUGL2LH9SUXo8VwsY4soanhgo6LNSm84E1LBcE8s3O0wpdiRzyR9z/ZZJMlMWv37qOOb9pdJlMUEKFQ==}
    engines: {node: '>=8'}

  ansi-regex@6.4.0:
    resolution: {integrity: sha512-KzTVk2tCWAHtYrvvvaP8bJKJq2pVinhLcGEQdtLIYPbmNGNyYe8QwNaTUYQp2J7/vIsUKt5QCqAfUkYyG9DkOw==}
    engines: {node: '>=12'}

  ansi-styles@4.3.0:
    resolution: {integrity: sha512-zbB9rCJAT1rbjiVDb2hqKFHNYLxgtk8NURxZ3IZwD3F6NtxbXZQCnnSi1Lkx+IDohdPlFp222wVALIheZJQSEg==}
    engines: {node: '>=8'}

  antlr4ts@0.5.0-alpha.4:
    resolution: {integrity: sha512-WPQDt1B74OfPv/IMS2ekXAKkTZIHl88uMetg6q3OTqgFxZ/dxDXI0EWLyZid/1Pe6hTftyg5N7gel5wNAGxXyQ==}

  bignumber.js@9.3.1:
    resolution: {integrity: sha512-Ko0uX15oIUS7wJ3Rb30Fs6SkVbLmPBAKdlm7q9+ak9bbIeFf0MwuBsQV6z7+X768/cHsfg+WlysDWJcmthjsjQ==}

  braces@3.0.3:
    resolution: {integrity: sha512-yQbXgO/OSZVD2IsiLlro+7Hf6Q18EJrKSEsdoMzKePKXct3gvD8oLcOQdIzGupr5Fj+EDe8gO/lxc1BzfMpxvA==}
    engines: {node: '>=8'}

  chalk@4.1.2:
    resolution: {integrity: sha512-oKnbhFyRIXpUuez8iBMmyEa4nbj4IOQyuhc/wy9kY7/WVPcwIO9VA668Pu8RkO7+0G76SLROeyw9CpQ061i4mA==}
    engines: {node: '>=10'}

  chalk@5.6.2:
    resolution: {integrity: sha512-7NzBL0rN6fMUW+f7A6Io4h40qQlG+xGmtMxfbnH/K7TAtt8JQWVQK+6g0UXKMeVJoyV5EkkNsErQ8pVD3bLHbA==}
    engines: {node: ^12.17.0 || ^14.13 || >=16.0.0}

  chardet@2.2.0:
    resolution: {integrity: sha512-rddelWYNPRrXq6PtNEN2S3f6t9ILzvqaN5pVgi4kqt9jHQaXIial9PznB5iSPVlQSLNaaH22ItWz3EJtQ10+OA==}

  chownr@3.0.0:
    resolution: {integrity: sha512-+IxzY9BZOQd/XuYPRmrvEVjF/nqj5kgT4kEq7VofrDoM1MxoRjEWkrCC3EtLi59TVawxTAn+orJwFQcrqEN1+g==}
    engines: {node: '>=18'}

  cli-cursor@5.0.0:
    resolution: {integrity: sha512-aCj4O5wKyszjMmDT4tZj93kxyydN/K5zPWSCe6/0AV/AA1pqe5ZBIw0a2ZfPQV7lL5/yb5HsUreJ6UFAF1tEQw==}
    engines: {node: '>=18'}

  cli-progress@3.12.0:
    resolution: {integrity: sha512-tRkV3HJ1ASwm19THiiLIXLO7Im7wlTuKnvkYaTkyoAPefqjNg7W7DHKUlGRxy9vxDvbyCYQkQozvptuMkGCg8A==}
    engines: {node: '>=4'}

  cli-spinners@3.4.0:
    resolution: {integrity: sha512-bXfOC4QcT1tKXGorxL3wbJm6XJPDqEnij2gQ2m7ESQuE+/z9YFIWnl/5RpTiKWbMq3EVKR4fRLJGn6DVfu0mpw==}
    engines: {node: '>=18.20'}

  cli-width@4.1.0:
    resolution: {integrity: sha512-ouuZd4/dm2Sw5Gmqy6bGyNNNe1qt9RpmxveLSO7KcgsTnU7RXfsw+/bukWGo1abgBiMAic068rclZsO4IWmmxQ==}
    engines: {node: '>= 12'}

  cliui@8.0.1:
    resolution: {integrity: sha512-BSeNnyus75C4//NQ9gQt1/csTXyo/8Sb+afLAkzAptFuMsod9HFokGNudZpi/oQV73hnVK+sR+5PVRMd+Dr7YQ==}
    engines: {node: '>=12'}

  color-convert@2.0.1:
    resolution: {integrity: sha512-RRECPsj7iu/xb5oKYcsFHSppFNnsj/52OVTRKb4zP5onXwVF3zVmmToNcOfGC+CRDpfK/U584fMg38ZHCaElKQ==}
    engines: {node: '>=7.0.0'}

  color-name@1.1.4:
    resolution: {integrity: sha512-dOy+3AuW3a2wNbZHIuMZpTcgjGuLU/uBL/ubcZF9OXbDo8ff4O8yVp5Bf0efS8uEoYo5q4Fx7dY9OgQGXgAsQA==}

  commander@14.0.3:
    resolution: {integrity: sha512-H+y0Jo/T1RZ9qPP4Eh1pkcQcLRglraJaSLoyOtHxu6AapkjWVCy2Sit1QQ4x3Dng8qDlSsZEet7g5Pq06MvTgw==}
    engines: {node: '>=20'}

  cross-spawn@7.0.6:
    resolution: {integrity: sha512-uV2QOWP2nWzsy2aMp8aRibhi9dlzF5Hgh5SHaB9OiTGEyDTiJJyx0uy51QXdyWbtAHNua4XJzUKca3OzKUd3vA==}
    engines: {node: '>= 8'}

  deprecation@2.3.1:
    resolution: {integrity: sha512-xmHIy4F3scKVwMsQ4WnVaS8bHOx0DmVwRywosKhaILI0ywMDWPtBSku2HNxRvF7jtwDRsoEwYQSfbxj8b7RlJQ==}

  diff@9.0.0:
    resolution: {integrity: sha512-svtcdpS8CgJyqAjEQIXdb3OjhFVVYjzGAPO8WGCmRbrml64SPw/jJD4GoE98aR7r25A0XcgrK3F02yw9R/vhQw==}
    engines: {node: '>=0.3.1'}

  emoji-regex@8.0.0:
    resolution: {integrity: sha512-MSjYzcWNOA0ewAHpz0MxpYFvwg6yjy1NG3xteoqz644VCo/RPgnr1/GGt+ic3iJTzQ8Eu3TdM14SawnVUmGE6A==}

  eol@0.9.1:
    resolution: {integrity: sha512-Ds/TEoZjwggRoz/Q2O7SE3i4Jm66mqTDfmdHdq/7DKVk3bro9Q8h6WdXKdPqFLMoqxrDK5SVRzHVPOS6uuGtrg==}

  escalade@3.2.0:
    resolution: {integrity: sha512-WUj2qlxaQtO4g6Pq5c29GTcWGDyd8itL8zTlipgECz3JesAiiOKotd8JU6otB3PACgG6xkJUyVhboMS+bje/jA==}
    engines: {node: '>=6'}

  fast-glob@3.3.3:
    resolution: {integrity: sha512-7MptL8U0cqcFdzIzwOTHoilX9x5BrNqye7Z/LuC7kCMRio1EMSyqRK3BEAUD7sXRq4iT4AzTVuZdhgQ2TCvYLg==}
    engines: {node: '>=8.6.0'}

  fast-string-truncated-width@3.0.3:
    resolution: {integrity: sha512-0jjjIEL6+0jag3l2XWWizO64/aZVtpiGE3t0Zgqxv0DPuxiMjvB3M24fCyhZUO4KomJQPj3LTSUnDP3GpdwC0g==}

  fast-string-width@3.0.2:
    resolution: {integrity: sha512-gX8LrtNEI5hq8DVUfRQMbr5lpaS4nMIWV+7XEbXk2b8kiQIizgnlr12B4dA3ZEx3308ze0O4Q1R+cHts8kyUJg==}

  fast-wrap-ansi@0.2.2:
    resolution: {integrity: sha512-7F2Fl+TjRSenLqlU3UjSH0iyqopqoZIu7eZVpEirP2g1GtWa2G/ecEmBdgz31+Mxr+ELclgg6sokpSFIQiZ02Q==}

  fastq@1.20.3:
    resolution: {integrity: sha512-XKv5nnLs6nLF71NgiKJLIZFLkPyIEuOselLG7ujZnGrRfQK8HpvY+WqKhAJUAdLomwVHErVS4LfxFlPq0/FTAw==}

  fill-range@7.1.1:
    resolution: {integrity: sha512-YsGpe3WHLK8ZYi4tWDg2Jy3ebRz2rXowDxnld4bkQB00cc/1Zw9AWnC0i9ztDJitivtQvaI9KaLyKrc+hBW0yg==}
    engines: {node: '>=8'}

  get-caller-file@2.0.5:
    resolution: {integrity: sha512-DyFP3BM/3YHTQOCUL/w0OZHR0lpKeGrxotcHWcqNEdnltqFwXVfhEBQ94eIo34AfQpo0rGki4cyIiftY06h2Fg==}
    engines: {node: 6.* || 8.* || >= 10.*}

  get-east-asian-width@1.7.0:
    resolution: {integrity: sha512-XjH1AECxf0giL2V1aU8vKyRR2ppRUb5c0EvT7zuJTokQ74bNo52zOtghqdWIqrhUD79fo3x0WfKZdOqxF6LG1Q==}
    engines: {node: '>=18'}

  glob-parent@5.1.2:
    resolution: {integrity: sha512-AOIgSQCepiJYwP3ARnGx+5VnTu2HBYdzbGP45eLw1vr3zB3vZLeyed1sC9hnbcOc9/SrMyM5RPQrkGz4aS9Zow==}
    engines: {node: '>= 6'}

  has-flag@4.0.0:
    resolution: {integrity: sha512-EykJT/Q1KjTWctppgIAgfSO0tKVuZUjhgMr17kqTumMl6Afv3EISleU7qZUzoXDFTAHTDC4NOoG/ZxU3EvlMPQ==}
    engines: {node: '>=8'}

  iconv-lite@0.7.3:
    resolution: {integrity: sha512-IKXpvIzjnC9XTAUbVBcMfGS0EPaIXtW6v+zr+RRp+hqULEpo0owZax6wyRwPOJbWbzjYspQwusTsfVr0ifh4uQ==}
    engines: {node: '>=0.10.0'}

  immutable@4.3.9:
    resolution: {integrity: sha512-ObHy4YN7ycwZOUCLI1/6svfyAFu7vL8RhAvVu/bh/RZW9EPlOyDaQ9jDQWCtdqzaXUjgXZCW1migtHE7YI7UGQ==}

  is-extglob@2.1.1:
    resolution: {integrity: sha512-SbKbANkN603Vi4jEZv49LeVJMn4yGwsbzZworEoyEiutsN3nJYdbO36zfhGJ6QEDpOZIFkDtnq5JRxmvl3jsoQ==}
    engines: {node: '>=0.10.0'}

  is-fullwidth-code-point@3.0.0:
    resolution: {integrity: sha512-zymm5+u+sCsSWyD9qNaejV3DFvhCKclKdizYaJUuHA83RLjb7nSuGnddCHGv0hk+KY7BMAlsWeK4Ueg6EV6XQg==}
    engines: {node: '>=8'}

  is-glob@4.0.3:
    resolution: {integrity: sha512-xelSayHH36ZgE7ZWhli7pW34hNbNl8Ojv5KVmkJD4hBdD3th8Tfk9vYasLM+mXWOZhFkgZfxhLSnrwRr4elSSg==}
    engines: {node: '>=0.10.0'}

  is-interactive@2.0.0:
    resolution: {integrity: sha512-qP1vozQRI+BMOPcjFzrjXuQvdak2pHNUMZoeG2eRbiSqyvbEf/wQtEOTOX1guk6E3t36RkaqiSt8A/6YElNxLQ==}
    engines: {node: '>=12'}

  is-number@7.0.0:
    resolution: {integrity: sha512-41Cifkg6e8TylSpdtTpeLVMqvSBEVzTttHvERD741+pnZ8ANv0004MRL43QKPDlK9cGvNp6NZWZUBlbGXYxxng==}
    engines: {node: '>=0.12.0'}

  is-unicode-supported@2.1.0:
    resolution: {integrity: sha512-mE00Gnza5EEB3Ds0HfMyllZzbBrmLOX3vfWoj9A9PEnTfratQ/BcaJOuMhnkhjXvb2+FkY3VuHqtAGpTPmglFQ==}
    engines: {node: '>=18'}

  isarray@1.0.0:
    resolution: {integrity: sha512-VLghIWNM6ELQzo7zwmcg0NmTVyWKYjvIeM83yjp0wRDTmUnrM678fQbcKBo6n2CJEF0szoG//ytg+TKla89ALQ==}

  isexe@2.0.0:
    resolution: {integrity: sha512-RHxMLp9lnKHGHRng9QFhRCMbYAcVpn69smSGcq3f36xjgVVWThj4qqLbTLlq7Ssj8B+fIQ1EuCEGI2lKsyQeIw==}

  isobject@2.1.0:
    resolution: {integrity: sha512-+OUdGJlgjOBZDfxnDjYYG6zp487z0JGNQq3cYQYg5f5hKR+syHMsaztzGeml/4kGG55CSpKSpWTY+jYGgsHLgA==}
    engines: {node: '>=0.10.0'}

  json-bigint@1.0.0:
    resolution: {integrity: sha512-SiPv/8VpZuWbvLSMtTDU8hEfrZWg/mH/nV/b4o0CYbSxu1UIQPLdwKOCIyLQX+VIPO5vrLX3i8qtqFyhdPSUSQ==}

  line-column@1.0.2:
    resolution: {integrity: sha512-Ktrjk5noGYlHsVnYWh62FLVs4hTb8A3e+vucNZMgPeAOITdshMSgv4cCZQeRDjm7+goqmo6+liZwTXo+U3sVww==}

  lodash.camelcase@4.3.0:
    resolution: {integrity: sha512-TwuEnCnxbc3rAvhf/LbG7tJUDzhqXyFnv3dtzLOPgCG/hODL7WFnsbwktkD7yUV0RrreP/l1PALq/YSg6VvjlA==}

  lodash.clonedeep@4.5.0:
    resolution: {integrity: sha512-H5ZhCF25riFd9uB5UCkVKo61m3S/xZk1x4wA6yp/L3RFP6Z/eHH1ymQcGLo7J3GMPfm0V/7m1tryHuGVxpqEBQ==}

  lodash@4.18.1:
    resolution: {integrity: sha512-dMInicTPVE8d1e5otfwmmjlxkZoUpiVLwyeTdUsi/Caj/gfzzblBcCE5sRHV/AsjuCmxWrte2TNGSYuCeCq+0Q==}

  log-symbols@7.0.1:
    resolution: {integrity: sha512-ja1E3yCr9i/0hmBVaM0bfwDjnGy8I/s6PP4DFp+yP+a+mrHO4Rm7DtmnqROTUkHIkqffC84YY7AeqX6oFk0WFg==}
    engines: {node: '>=18'}

  long@5.3.2:
    resolution: {integrity: sha512-mNAgZ1GmyNhD7AuqnTG3/VQ26o760+ZYBPKjPvugO8+nLbYfX6TVpJPseBvopbdY+qpZ/lKUnmEc1LeZYS3QAA==}

  merge2@1.4.1:
    resolution: {integrity: sha512-8q7VEgMJW4J8tcfVPy8g09NcQwZdbwFEqhe/WZkoIzjn/3TGDwtOCYtXGxA3O8tPzpczCCDgv+P2P5y00ZJOOg==}
    engines: {node: '>= 8'}

  micromatch@4.0.8:
    resolution: {integrity: sha512-PXwfBhYu0hBCPw8Dn0E+WDYb7af3dSLVWKi3HGv84IdF4TyFoC0ysxFd0Goxw7nSv4T/PzEJQxsYsEiFCKo2BA==}
    engines: {node: '>=8.6'}

  mimic-function@5.0.1:
    resolution: {integrity: sha512-VP79XUPxV2CigYP3jWwAUFSku2aKqBH7uTAapFWCBqutsbmDo96KY5o8uh6U+/YSIn5OxJnXp73beVkpqMIGhA==}
    engines: {node: '>=18'}

  minipass@7.1.3:
    resolution: {integrity: sha512-tEBHqDnIoM/1rXME1zgka9g6Q2lcoCkxHLuc7ODJ5BxbP5d4c2Z5cGgtXAku59200Cx7diuHTOYfSBD8n6mm8A==}
    engines: {node: '>=16 || 14 >=14.17'}

  minizlib@3.1.0:
    resolution: {integrity: sha512-KZxYo1BUkWD2TVFLr0MQoM8vUUigWD3LlD83a/75BqC+4qE0Hb1Vo5v1FgcfaNXvfXzr+5EhQ6ing/CaBijTlw==}
    engines: {node: '>= 18'}

  mute-stream@3.0.0:
    resolution: {integrity: sha512-dkEJPVvun4FryqBmZ5KhDo0K9iDXAwn08tMLDinNdRBNPcYEDiWYysLcc6k3mjTMlbP9KyylvRpd4wFtwrT9rw==}
    engines: {node: ^20.17.0 || >=22.9.0}

  once@1.4.0:
    resolution: {integrity: sha512-lNaJgI+2Q5URQBkccEKHTQOPaXdUxnZZElQTZY0MFUAuaEqe1E+Nyvgdz/aIyNi6Z9MzO5dv1H8n58/GELp3+w==}

  onetime@7.0.0:
    resolution: {integrity: sha512-VXJjc87FScF88uafS3JllDgvAm+c/Slfz06lorj2uAY34rlUu0Nt+v8wreiImcrgAjjIHp1rXpTDlLOGw29WwQ==}
    engines: {node: '>=18'}

  ora@9.4.1:
    resolution: {integrity: sha512-6VlU9MLXbjVQD04AZCMX28hVtA5bUoadvUqO76MUCVA0ilwJbMiHsITRPfyVm6p/BC0Av/BXMujx39WCe1LEqw==}
    engines: {node: '>=20'}

  path-key@3.1.1:
    resolution: {integrity: sha512-ojmeN0qd+y0jszEtoY48r0Peq5dwMEkIlCOu6Q5f41lfkswXuKtYrhgoTpLnyIcHm24Uhqx+5Tqm2InSwLhE6Q==}
    engines: {node: '>=8'}

  picomatch@2.3.2:
    resolution: {integrity: sha512-V7+vQEJ06Z+c5tSye8S+nHUfI51xoXIXjHQ99cQtKUkQqqO1kO/KCJUfZXuB47h/YBlDhah2H3hdUGXn8ie0oA==}
    engines: {node: '>=8.6'}

  protobufjs@7.6.6:
    resolution: {integrity: sha512-dYDWdjSl5RNb7SgPxGQcRU+GtvP7s2fpkrY0r432PcOIaZ0/rBcxEZnQN67iJhFuQiVw754JDoPruPCNdGsbjg==}
    engines: {node: '>=12.0.0'}

  queue-microtask@1.2.3:
    resolution: {integrity: sha512-NuaNSa6flKT5JaSYQzJok04JzTL1CA6aGhv5rfLW3PgqA+M2ChpZQnAC8h8i4ZFkBS8X5RqkDBHA7r4hej3K9A==}

  require-directory@2.1.1:
    resolution: {integrity: sha512-fGxEI7+wsG9xrvdjsrlmL22OMTTiHRwAMroiEeMgq8gzoLC/PQr7RsRDSTLUg/bZAZtF+TVIkHc6/4RIKrui+Q==}
    engines: {node: '>=0.10.0'}

  restore-cursor@5.1.0:
    resolution: {integrity: sha512-oMA2dcrw6u0YfxJQXm342bFKX/E4sG9rbTzO9ptUcR/e8A33cHuvStiYOwH7fszkZlZ1z/ta9AAoPk2F4qIOHA==}
    engines: {node: '>=18'}

  reusify@1.1.0:
    resolution: {integrity: sha512-g6QUff04oZpHs0eG5p83rFLhHeV00ug/Yf9nZM6fLeUrPguBTkTQOdpAWWspMh55TZfVQDPaN3NQJfbVRAxdIw==}
    engines: {iojs: '>=1.0.0', node: '>=0.10.0'}

  run-parallel@1.2.0:
    resolution: {integrity: sha512-5l4VyZR86LZ/lDxZTR6jqL8AFE2S0IFLMP26AbjsLVADxHdhB/c0GUsH+y39UfCi3dzz8OlQuPmnaJOMoDHQBA==}

  safer-buffer@2.1.2:
    resolution: {integrity: sha512-YZo3K82SD7Riyi0E1EQPojLz7kpepnSQI9IyPbHHg1XXXevb5dJI7tpyN2ADxGcQbHG7vcyRHk0cbwqcQriUtg==}

  seedrandom@3.0.5:
    resolution: {integrity: sha512-8OwmbklUNzwezjGInmZ+2clQmExQPvomqjL7LFqOYqtmuxRgQYqOD3mHaU+MvZn5FLUeVxVfQjwLZW/n/JFuqg==}

  shebang-command@2.0.0:
    resolution: {integrity: sha512-kHxr2zZpYtdmrN1qDjrrX/Z1rR1kG8Dx+gkpK1G4eXmvXswmcE1hTWBWYUzlraYw1/yZp6YuDY77YtvbN0dmDA==}
    engines: {node: '>=8'}

  shebang-regex@3.0.0:
    resolution: {integrity: sha512-7++dFhtcx3353uBaq8DDR4NuxBetBzC7ZQOhmTQInHEd6bSrXdiEyzCvG07Z44UYdLShWUyXt5M/yhz8ekcb1A==}
    engines: {node: '>=8'}

  signal-exit@4.1.0:
    resolution: {integrity: sha512-bzyZ1e88w9O1iNJbKnOlvYTrWPDl46O1bG0D3XInv+9tkPrxrN8jUUTiFlDkkmKWgn1M6CfIA13SuGqOa9Korw==}
    engines: {node: '>=14'}

  stdin-discarder@0.3.2:
    resolution: {integrity: sha512-eCPu1qRxPVkl5605OTWF8Wz40b4Mf45NY5LQmVPQ599knfs5QhASUm9GbJ5BDMDOXgrnh0wyEdvzmL//YMlw0A==}
    engines: {node: '>=18'}

  string-width@4.2.3:
    resolution: {integrity: sha512-wKyQRQpjJ0sIp62ErSZdGsjMJWsap5oRNihHhu6G7JVO/9jIB6UyevL+tXuOqrng8j/cxKTWyWUwvSTriiZz/g==}
    engines: {node: '>=8'}

  string-width@8.3.0:
    resolution: {integrity: sha512-ZbmZM0JCihQN91dWnxoipT2KOEyHqEyfRXUyjuRhW8b/xnqPDoq4gWEVApTVa9db2wN8mmoikgFBbjh71+cGeQ==}
    engines: {node: '>=20'}

  strip-ansi@6.0.1:
    resolution: {integrity: sha512-Y38VPSHcqkFrCpFnQ9vuSXmquuv5oXOKpGeT6aGrr3o3Gc9AlVa6JBfUSOCnbxGGZF+/0ooI7KrPuUSztUdU5A==}
    engines: {node: '>=8'}

  strip-ansi@7.2.0:
    resolution: {integrity: sha512-yDPMNjp4WyfYBkHnjIRLfca1i6KMyGCtsVgoKe/z1+6vukgaENdgGBZt+ZmKPc4gavvEZ5OgHfHdrazhgNyG7w==}
    engines: {node: '>=12'}

  supports-color@7.2.0:
    resolution: {integrity: sha512-qpCAvRl9stuOHveKsn7HncJRvv501qIacKzQlO/+Lwxc9+0q2wLyv4Dfvt80/DPn2pqOBsJdDiogXGR9+OvwRw==}
    engines: {node: '>=8'}

  tar@7.5.22:
    resolution: {integrity: sha512-MFO/QzvtAOmJbkhOaCTvbGcFN9L9b+JunIsDwaKljSOdcLMea3NJ1k9Usz/rjdfSXTq4dfzfeS7W4p4YOAAHeA==}
    engines: {node: '>=18'}

  to-regex-range@5.0.1:
    resolution: {integrity: sha512-65P7iz6X5yEr1cwcgvQxbbIw7Uk3gOy5dIdtZ4rDveLqhrdJP+Li/Hx6tyK0NEb+2GCyneCMJiGqrADCSNk8sQ==}
    engines: {node: '>=8.0'}

  undici-types@8.9.0:
    resolution: {integrity: sha512-KTDyRTYX8sWmKXAikPHHSyc63CRPETMctyjKFupcC6OBLXT3xsN0e9aF7m+mIXutFWpUXuedtowG7iLOzp0kQg==}

  universal-user-agent@6.0.1:
    resolution: {integrity: sha512-yCzhz6FN2wU1NiiQRogkTQszlQSlpWaw8SvVegAc+bDxbzHgh1vX8uIe8OYyMH6DwH+sdTJsgMl36+mSMdRJIQ==}

  which@2.0.2:
    resolution: {integrity: sha512-BLI3Tl1TW3Pvl70l3yq3Y64i+awpwXqsGBYWkkqMtnbXgrMD+yj7rhW0kuEDxzJaYXGjEW5ogapKNMEKNMjibA==}
    engines: {node: '>= 8'}
    hasBin: true

  wrap-ansi@7.0.0:
    resolution: {integrity: sha512-YVGIj2kamLSTxw6NsZjoBxfSwsn0ycdesmc4p+Q21c5zPuZ1pl+NfxVdxPtdHvmNVOQ6XSYG4AUtyt/Fi7D16Q==}
    engines: {node: '>=10'}

  wrappy@1.0.2:
    resolution: {integrity: sha512-l4Sp/DRseor9wL6EvV2+TuQn63dMkPjZ/sp9XkghTEbV9KlPS1xUsZ3u7/IQO4wxtcFB4bgpQPRcR3QCvezPcQ==}

  y18n@5.0.8:
    resolution: {integrity: sha512-0pfFzegeDWJHJIAmTLRP2DwHjdF5s7jo9tuztdQxAhINCdvS+3nGINqPd00AphqJR/0LhANUS6/+7SCb98YOfA==}
    engines: {node: '>=10'}

  yallist@5.0.0:
    resolution: {integrity: sha512-YgvUTfwqyc7UXVMrB+SImsVYSmTS8X/tSrtdNZMImM+n7+QTriRXyXim0mBrTXNeqzVF0KWGgHPeiyViFFrNDw==}
    engines: {node: '>=18'}

  yaml@2.9.1:
    resolution: {integrity: sha512-3NxN8+78OdzbT7C/WjGsyfPAtJaN3FNDsWxv7Y7mcDsT/oOmgW8BpyQQFFBnvZE3j9Y2Sdz1ULFLezL7Eb2yFw==}
    engines: {node: '>= 14.6'}
    hasBin: true

  yargs-parser@21.1.1:
    resolution: {integrity: sha512-tVpsJW7DdjecAiFpbIB1e3qxIQsE6NoPc5/eTdrbbIC4h0LVsWhnoa3g+m2HclBIujHzsxZ4VJVA+GUuc2/LBw==}
    engines: {node: '>=12'}

  yargs@17.7.3:
    resolution: {integrity: sha512-GZtjxm/J/4TSxuL3FNYjCmLktBTnIw/rVmKSIyKeYAZpmJB2ig9VauCC5xsa82GNKVKDAqpOn3KVzNt0zmrU0g==}
    engines: {node: '>=12'}

  yoctocolors@2.2.0:
    resolution: {integrity: sha512-xYqdZFUK/VYazNl/oCDYN+3WloWQwMfZxBoiNt6qNyk+xfOdi598muWE42rNZFp1kNOiqW936q5RhUdnpqElSg==}
    engines: {node: '>=18'}

  zod@4.6.5:
    resolution: {integrity: sha512-v5l/aFXZQeai4awLbOpSoHecE9UiMrnfx75tEXLjNonXVARxQ5mOeipTjROUchszUNCqnE+hqAMujRsRHsut2Q==}

snapshots:

  '@fission-ai/openspec@1.14.0(@types/node@26.6.4)':
    dependencies:
      '@inquirer/core': 12.0.3(@types/node@26.6.4)
      '@inquirer/prompts': 8.7.2(@types/node@26.6.4)
      chalk: 5.6.2
      commander: 14.0.3
      cross-spawn: 7.0.6
      diff: 9.0.0
      fast-glob: 3.3.3
      ora: 9.4.1
      yaml: 2.9.1
      zod: 4.6.5
    transitivePeerDependencies:
      - '@types/node'

  '@grpc/grpc-js@1.14.5':
    dependencies:
      '@grpc/proto-loader': 0.8.1
      '@js-sdsl/ordered-map': 4.4.2

  '@grpc/proto-loader@0.7.15':
    dependencies:
      lodash.camelcase: 4.3.0
      long: 5.3.2
      protobufjs: 7.6.6
      yargs: 17.7.3

  '@grpc/proto-loader@0.8.1':
    dependencies:
      lodash.camelcase: 4.3.0
      long: 5.3.2
      protobufjs: 7.6.6
      yargs: 17.7.3

  '@informalsystems/quint@0.33.0':
    dependencies:
      '@grpc/grpc-js': 1.14.5
      '@grpc/proto-loader': 0.7.15
      '@octokit/request': 8.4.1
      '@sweet-monads/either': 3.2.0
      '@sweet-monads/maybe': 3.2.0
      '@types/line-column': 1.0.2
      '@types/lodash.clonedeep': 4.5.0
      '@types/seedrandom': 3.0.8
      adm-zip: 0.5.18
      antlr4ts: 0.5.0-alpha.4
      chalk: 4.1.2
      cli-progress: 3.12.0
      cross-spawn: 7.0.6
      eol: 0.9.1
      immutable: 4.3.9
      json-bigint: 1.0.0
      line-column: 1.0.2
      lodash: 4.18.1
      lodash.clonedeep: 4.5.0
      seedrandom: 3.0.5
      tar: 7.5.22
      yargs: 17.7.3

  '@inquirer/ansi@2.0.8': {}

  '@inquirer/checkbox@5.2.5(@types/node@26.6.4)':
    dependencies:
      '@inquirer/ansi': 2.0.8
      '@inquirer/core': 12.0.3(@types/node@26.6.4)
      '@inquirer/figures': 2.0.9
      '@inquirer/type': 4.1.1(@types/node@26.6.4)
    optionalDependencies:
      '@types/node': 26.6.4

  '@inquirer/confirm@6.3.2(@types/node@26.6.4)':
    dependencies:
      '@inquirer/core': 12.0.3(@types/node@26.6.4)
      '@inquirer/type': 4.1.1(@types/node@26.6.4)
    optionalDependencies:
      '@types/node': 26.6.4

  '@inquirer/core@12.0.3(@types/node@26.6.4)':
    dependencies:
      '@inquirer/ansi': 2.0.8
      '@inquirer/figures': 2.0.9
      '@inquirer/type': 4.1.1(@types/node@26.6.4)
      cli-width: 4.1.0
      fast-wrap-ansi: 0.2.2
      mute-stream: 3.0.0
      signal-exit: 4.1.0
    optionalDependencies:
      '@types/node': 26.6.4

  '@inquirer/editor@5.3.3(@types/node@26.6.4)':
    dependencies:
      '@inquirer/core': 12.0.3(@types/node@26.6.4)
      '@inquirer/external-editor': 3.0.5(@types/node@26.6.4)
      '@inquirer/type': 4.1.1(@types/node@26.6.4)
    optionalDependencies:
      '@types/node': 26.6.4

  '@inquirer/expand@5.1.5(@types/node@26.6.4)':
    dependencies:
      '@inquirer/core': 12.0.3(@types/node@26.6.4)
      '@inquirer/type': 4.1.1(@types/node@26.6.4)
    optionalDependencies:
      '@types/node': 26.6.4

  '@inquirer/external-editor@3.0.5(@types/node@26.6.4)':
    dependencies:
      chardet: 2.2.0
      iconv-lite: 0.7.3
    optionalDependencies:
      '@types/node': 26.6.4

  '@inquirer/figures@2.0.9': {}

  '@inquirer/input@5.1.6(@types/node@26.6.4)':
    dependencies:
      '@inquirer/core': 12.0.3(@types/node@26.6.4)
      '@inquirer/type': 4.1.1(@types/node@26.6.4)
    optionalDependencies:
      '@types/node': 26.6.4

  '@inquirer/number@4.2.3(@types/node@26.6.4)':
    dependencies:
      '@inquirer/core': 12.0.3(@types/node@26.6.4)
      '@inquirer/type': 4.1.1(@types/node@26.6.4)
    optionalDependencies:
      '@types/node': 26.6.4

  '@inquirer/password@5.2.2(@types/node@26.6.4)':
    dependencies:
      '@inquirer/ansi': 2.0.8
      '@inquirer/core': 12.0.3(@types/node@26.6.4)
      '@inquirer/type': 4.1.1(@types/node@26.6.4)
    optionalDependencies:
      '@types/node': 26.6.4

  '@inquirer/prompts@8.7.2(@types/node@26.6.4)':
    dependencies:
      '@inquirer/checkbox': 5.2.5(@types/node@26.6.4)
      '@inquirer/confirm': 6.3.2(@types/node@26.6.4)
      '@inquirer/editor': 5.3.3(@types/node@26.6.4)
      '@inquirer/expand': 5.1.5(@types/node@26.6.4)
      '@inquirer/input': 5.1.6(@types/node@26.6.4)
      '@inquirer/number': 4.2.3(@types/node@26.6.4)
      '@inquirer/password': 5.2.2(@types/node@26.6.4)
      '@inquirer/rawlist': 5.3.5(@types/node@26.6.4)
      '@inquirer/search': 4.3.3(@types/node@26.6.4)
      '@inquirer/select': 5.2.5(@types/node@26.6.4)
    optionalDependencies:
      '@types/node': 26.6.4

  '@inquirer/rawlist@5.3.5(@types/node@26.6.4)':
    dependencies:
      '@inquirer/core': 12.0.3(@types/node@26.6.4)
      '@inquirer/type': 4.1.1(@types/node@26.6.4)
    optionalDependencies:
      '@types/node': 26.6.4

  '@inquirer/search@4.3.3(@types/node@26.6.4)':
    dependencies:
      '@inquirer/core': 12.0.3(@types/node@26.6.4)
      '@inquirer/figures': 2.0.9
      '@inquirer/type': 4.1.1(@types/node@26.6.4)
    optionalDependencies:
      '@types/node': 26.6.4

  '@inquirer/select@5.2.5(@types/node@26.6.4)':
    dependencies:
      '@inquirer/ansi': 2.0.8
      '@inquirer/core': 12.0.3(@types/node@26.6.4)
      '@inquirer/figures': 2.0.9
      '@inquirer/type': 4.1.1(@types/node@26.6.4)
    optionalDependencies:
      '@types/node': 26.6.4

  '@inquirer/type@4.1.1(@types/node@26.6.4)':
    optionalDependencies:
      '@types/node': 26.6.4

  '@isaacs/fs-minipass@4.0.1':
    dependencies:
      minipass: 7.1.3

  '@js-sdsl/ordered-map@4.4.2': {}

  '@nodelib/fs.scandir@2.1.5':
    dependencies:
      '@nodelib/fs.stat': 2.0.5
      run-parallel: 1.2.0

  '@nodelib/fs.stat@2.0.5': {}

  '@nodelib/fs.walk@1.2.8':
    dependencies:
      '@nodelib/fs.scandir': 2.1.5
      fastq: 1.20.3

  '@octokit/endpoint@9.0.6':
    dependencies:
      '@octokit/types': 13.10.0
      universal-user-agent: 6.0.1

  '@octokit/openapi-types@24.2.0': {}

  '@octokit/request-error@5.1.1':
    dependencies:
      '@octokit/types': 13.10.0
      deprecation: 2.3.1
      once: 1.4.0

  '@octokit/request@8.4.1':
    dependencies:
      '@octokit/endpoint': 9.0.6
      '@octokit/request-error': 5.1.1
      '@octokit/types': 13.10.0
      universal-user-agent: 6.0.1

  '@octokit/types@13.10.0':
    dependencies:
      '@octokit/openapi-types': 24.2.0

  '@protobufjs/aspromise@1.1.2': {}

  '@protobufjs/base64@1.1.2': {}

  '@protobufjs/codegen@2.0.5': {}

  '@protobufjs/eventemitter@1.1.1': {}

  '@protobufjs/fetch@1.1.1':
    dependencies:
      '@protobufjs/aspromise': 1.1.2

  '@protobufjs/float@1.0.2': {}

  '@protobufjs/path@1.1.2': {}

  '@protobufjs/pool@1.1.0': {}

  '@protobufjs/utf8@1.1.2': {}

  '@sweet-monads/either@3.2.0':
    dependencies:
      '@sweet-monads/interfaces': 3.3.0

  '@sweet-monads/interfaces@3.3.0': {}

  '@sweet-monads/maybe@3.2.0':
    dependencies:
      '@sweet-monads/interfaces': 3.3.0

  '@types/line-column@1.0.2': {}

  '@types/lodash.clonedeep@4.5.0':
    dependencies:
      '@types/lodash': 4.17.25

  '@types/lodash@4.17.25': {}

  '@types/node@26.6.4':
    dependencies:
      undici-types: 8.9.0

  '@types/seedrandom@3.0.8': {}

  adm-zip@0.5.18: {}

  ansi-regex@5.0.1: {}

  ansi-regex@6.4.0: {}

  ansi-styles@4.3.0:
    dependencies:
      color-convert: 2.0.1

  antlr4ts@0.5.0-alpha.4: {}

  bignumber.js@9.3.1: {}

  braces@3.0.3:
    dependencies:
      fill-range: 7.1.1

  chalk@4.1.2:
    dependencies:
      ansi-styles: 4.3.0
      supports-color: 7.2.0

  chalk@5.6.2: {}

  chardet@2.2.0: {}

  chownr@3.0.0: {}

  cli-cursor@5.0.0:
    dependencies:
      restore-cursor: 5.1.0

  cli-progress@3.12.0:
    dependencies:
      string-width: 4.2.3

  cli-spinners@3.4.0: {}

  cli-width@4.1.0: {}

  cliui@8.0.1:
    dependencies:
      string-width: 4.2.3
      strip-ansi: 6.0.1
      wrap-ansi: 7.0.0

  color-convert@2.0.1:
    dependencies:
      color-name: 1.1.4

  color-name@1.1.4: {}

  commander@14.0.3: {}

  cross-spawn@7.0.6:
    dependencies:
      path-key: 3.1.1
      shebang-command: 2.0.0
      which: 2.0.2

  deprecation@2.3.1: {}

  diff@9.0.0: {}

  emoji-regex@8.0.0: {}

  eol@0.9.1: {}

  escalade@3.2.0: {}

  fast-glob@3.3.3:
    dependencies:
      '@nodelib/fs.stat': 2.0.5
      '@nodelib/fs.walk': 1.2.8
      glob-parent: 5.1.2
      merge2: 1.4.1
      micromatch: 4.0.8

  fast-string-truncated-width@3.0.3: {}

  fast-string-width@3.0.2:
    dependencies:
      fast-string-truncated-width: 3.0.3

  fast-wrap-ansi@0.2.2:
    dependencies:
      fast-string-width: 3.0.2

  fastq@1.20.3:
    dependencies:
      reusify: 1.1.0

  fill-range@7.1.1:
    dependencies:
      to-regex-range: 5.0.1

  get-caller-file@2.0.5: {}

  get-east-asian-width@1.7.0: {}

  glob-parent@5.1.2:
    dependencies:
      is-glob: 4.0.3

  has-flag@4.0.0: {}

  iconv-lite@0.7.3:
    dependencies:
      safer-buffer: 2.1.2

  immutable@4.3.9: {}

  is-extglob@2.1.1: {}

  is-fullwidth-code-point@3.0.0: {}

  is-glob@4.0.3:
    dependencies:
      is-extglob: 2.1.1

  is-interactive@2.0.0: {}

  is-number@7.0.0: {}

  is-unicode-supported@2.1.0: {}

  isarray@1.0.0: {}

  isexe@2.0.0: {}

  isobject@2.1.0:
    dependencies:
      isarray: 1.0.0

  json-bigint@1.0.0:
    dependencies:
      bignumber.js: 9.3.1

  line-column@1.0.2:
    dependencies:
      isarray: 1.0.0
      isobject: 2.1.0

  lodash.camelcase@4.3.0: {}

  lodash.clonedeep@4.5.0: {}

  lodash@4.18.1: {}

  log-symbols@7.0.1:
    dependencies:
      is-unicode-supported: 2.1.0
      yoctocolors: 2.2.0

  long@5.3.2: {}

  merge2@1.4.1: {}

  micromatch@4.0.8:
    dependencies:
      braces: 3.0.3
      picomatch: 2.3.2

  mimic-function@5.0.1: {}

  minipass@7.1.3: {}

  minizlib@3.1.0:
    dependencies:
      minipass: 7.1.3

  mute-stream@3.0.0: {}

  once@1.4.0:
    dependencies:
      wrappy: 1.0.2

  onetime@7.0.0:
    dependencies:
      mimic-function: 5.0.1

  ora@9.4.1:
    dependencies:
      chalk: 5.6.2
      cli-cursor: 5.0.0
      cli-spinners: 3.4.0
      is-interactive: 2.0.0
      is-unicode-supported: 2.1.0
      log-symbols: 7.0.1
      stdin-discarder: 0.3.2
      string-width: 8.3.0

  path-key@3.1.1: {}

  picomatch@2.3.2: {}

  protobufjs@7.6.6:
    dependencies:
      '@protobufjs/aspromise': 1.1.2
      '@protobufjs/base64': 1.1.2
      '@protobufjs/codegen': 2.0.5
      '@protobufjs/eventemitter': 1.1.1
      '@protobufjs/fetch': 1.1.1
      '@protobufjs/float': 1.0.2
      '@protobufjs/path': 1.1.2
      '@protobufjs/pool': 1.1.0
      '@protobufjs/utf8': 1.1.2
      '@types/node': 26.6.4
      long: 5.3.2

  queue-microtask@1.2.3: {}

  require-directory@2.1.1: {}

  restore-cursor@5.1.0:
    dependencies:
      onetime: 7.0.0
      signal-exit: 4.1.0

  reusify@1.1.0: {}

  run-parallel@1.2.0:
    dependencies:
      queue-microtask: 1.2.3

  safer-buffer@2.1.2: {}

  seedrandom@3.0.5: {}

  shebang-command@2.0.0:
    dependencies:
      shebang-regex: 3.0.0

  shebang-regex@3.0.0: {}

  signal-exit@4.1.0: {}

  stdin-discarder@0.3.2: {}

  string-width@4.2.3:
    dependencies:
      emoji-regex: 8.0.0
      is-fullwidth-code-point: 3.0.0
      strip-ansi: 6.0.1

  string-width@8.3.0:
    dependencies:
      get-east-asian-width: 1.7.0
      strip-ansi: 7.2.0

  strip-ansi@6.0.1:
    dependencies:
      ansi-regex: 5.0.1

  strip-ansi@7.2.0:
    dependencies:
      ansi-regex: 6.4.0

  supports-color@7.2.0:
    dependencies:
      has-flag: 4.0.0

  tar@7.5.22:
    dependencies:
      '@isaacs/fs-minipass': 4.0.1
      chownr: 3.0.0
      minipass: 7.1.3
      minizlib: 3.1.0
      yallist: 5.0.0

  to-regex-range@5.0.1:
    dependencies:
      is-number: 7.0.0

  undici-types@8.9.0: {}

  universal-user-agent@6.0.1: {}

  which@2.0.2:
    dependencies:
      isexe: 2.0.0

  wrap-ansi@7.0.0:
    dependencies:
      ansi-styles: 4.3.0
      string-width: 4.2.3
      strip-ansi: 6.0.1

  wrappy@1.0.2: {}

  y18n@5.0.8: {}

  yallist@5.0.0: {}

  yaml@2.9.1: {}

  yargs-parser@21.1.1: {}

  yargs@17.7.3:
    dependencies:
      cliui: 8.0.1
      escalade: 3.2.0
      get-caller-file: 2.0.5
      require-directory: 2.1.1
      string-width: 4.2.3
      y18n: 5.0.8
      yargs-parser: 21.1.1

  yoctocolors@2.2.0: {}

  zod@4.6.5: {}
